
Microsoft Visual Studio Solution File, Format Version 12.00
# Visual Studio Version 16
VisualStudioVersion = 16.0.30114.105
MinimumVisualStudioVersion = 10.0.40219.1
Project("{2150E333-8FDC-42A3-9474-1A3956D46DE8}") = "oauth", "oauth", "{2EC8FC95-0AD2-46FE-B037-99035755741E}"
EndProject
Project("{FAE04EC0-301F-11D3-BF4B-00C04F79EFBC}") = "server", "oauth\server\server.csproj", "{FA549A80-F20D-412B-913C-56F97A9AE59C}"
EndProject
Project("{FAE04EC0-301F-11D3-BF4B-00C04F79EFBC}") = "client", "oauth\client\client.csproj", "{AACD690A-C71E-43D9-8A4E-19A9F222BC54}"
EndProject
Project("{2150E333-8FDC-42A3-9474-1A3956D46DE8}") = "basic", "basic", "{9806771D-8F2C-4749-ABE5-6A2C92EE27DC}"
EndProject
Project("{FAE04EC0-301F-11D3-BF4B-00C04F79EFBC}") = "basics", "basic\basics\basics.csproj", "{B721089F-03B0-47E5-8BB7-BA98B85A5162}"
EndProject
Project("{FAE04EC0-301F-11D3-BF4B-00C04F79EFBC}") = "identityExample", "basic\identityExample\identityExample.csproj", "{86BBFB53-F2B7-4B6F-AE39-2B25B058E8C3}"
EndProject
Project("{FAE04EC0-301F-11D3-BF4B-00C04F79EFBC}") = "api", "oauth\api\api.csproj", "{822CAFCC-9989-4DC9-B58C-549ED39ADEE7}"
EndProject
Global
	GlobalSection(SolutionConfigurationPlatforms) = preSolution
		Debug|Any CPU = Debug|Any CPU
		Debug|x64 = Debug|x64
		Debug|x86 = Debug|x86
		Release|Any CPU = Release|Any CPU
		Release|x64 = Release|x64
		Release|x86 = Release|x86
	EndGlobalSection
	GlobalSection(SolutionProperties) = preSolution
		HideSolutionNode = FALSE
	EndGlobalSection
	GlobalSection(ProjectConfigurationPlatforms) = postSolution
		{626F6CB2-247F-4617-99E7-9603401C6153}.Debug|Any CPU.ActiveCfg = Debug|Any CPU
		{626F6CB2-247F-4617-99E7-9603401C6153}.Debug|Any CPU.Build.0 = Debug|Any CPU
		{626F6CB2-247F-4617-99E7-9603401C6153}.Debug|x64.ActiveCfg = Debug|Any CPU
		{626F6CB2-247F-4617-99E7-9603401C6153}.Debug|x64.Build.0 = Debug|Any CPU
		{626F6CB2-247F-4617-99E7-9603401C6153}.Debug|x86.ActiveCfg = Debug|Any CPU
		{626F6CB2-247F-4617-99E7-9603401C6153}.Debug|x86.Build.0 = Debug|Any CPU
		{626F6CB2-247F-4617-99E7-9603401C6153}.Release|Any CPU.ActiveCfg = Release|Any CPU
		{626F6CB2-247F-4617-99E7-9603401C6153}.Release|Any CPU.Build.0 = Release|Any CPU
		{626F6CB2-247F-4617-99E7-9603401C6153}.Release|x64.ActiveCfg = Release|Any CPU
		{626F6CB2-247F-4617-99E7-9603401C6153}.Release|x64.Build.0 = Release|Any CPU
		{626F6CB2-247F-4617-99E7-9603401C6153}.Release|x86.ActiveCfg = Release|Any CPU
		{626F6CB2-247F-4617-99E7-9603401C6153}.Release|x86.Build.0 = Release|Any CPU
		{5969C8D2-CFAC-48E2-9C11-8A9D90C18F3D}.Debug|Any CPU.ActiveCfg = Debug|Any CPU
		{5969C8D2-CFAC-48E2-9C11-8A9D90C18F3D}.Debug|Any CPU.Build.0 = Debug|Any CPU
		{5969C8D2-CFAC-48E2-9C11-8A9D90C18F3D}.Debug|x64.ActiveCfg = Debug|Any CPU
		{5969C8D2-CFAC-48E2-9C11-8A9D90C18F3D}.Debug|x64.Build.0 = Debug|Any CPU
		{5969C8D2-CFAC-48E2-9C11-8A9D90C18F3D}.Debug|x86.ActiveCfg = Debug|Any CPU
		{5969C8D2-CFAC-48E2-9C11-8A9D90C18F3D}.Debug|x86.Build.0 = Debug|Any CPU
		{5969C8D2-CFAC-48E2-9C11-8A9D90C18F3D}.Release|Any CPU.ActiveCfg = Release|Any CPU
		{5969C8D2-CFAC-48E2-9C11-8A9D90C18F3D}.Release|Any CPU.Build.0 = Release|Any CPU
		{5969C8D2-CFAC-48E2-9C11-8A9D90C18F3D}.Release|x64.ActiveCfg = Release|Any CPU
		{5969C8D2-CFAC-48E2-9C11-8A9D90C18F3D}.Release|x64.Build.0 = Release|Any CPU
		{5969C8D2-CFAC-48E2-9C11-8A9D90C18F3D}.Release|x86.ActiveCfg = Release|Any CPU
		{5969C8D2-CFAC-48E2-9C11-8A9D90C18F3D}.Release|x86.Build.0 = Release|Any CPU
		{FA549A80-F20D-412B-913C-56F97A9AE59C}.Debug|Any CPU.ActiveCfg = Debug|Any CPU
		{FA549A80-F20D-412B-913C-56F97A9AE59C}.Debug|Any CPU.Build.0 = Debug|Any CPU
		{FA549A80-F20D-412B-913C-56F97A9AE59C}.Debug|x64.ActiveCfg = Debug|Any CPU
		{FA549A80-F20D-412B-913C-56F97A9AE59C}.Debug|x64.Build.0 = Debug|Any CPU
		{FA549A80-F20D-412B-913C-56F97A9AE59C}.Debug|x86.ActiveCfg = Debug|Any CPU
		{FA549A80-F20D-412B-913C-56F97A9AE59C}.Debug|x86.Build.0 = Debug|Any CPU
		{FA549A80-F20D-412B-913C-56F97A9AE59C}.Release|Any CPU.ActiveCfg = Release|Any CPU
		{FA549A80-F20D-412B-913C-56F97A9AE59C}.Release|Any CPU.Build.0 = Release|Any CPU
		{FA549A80-F20D-412B-913C-56F97A9AE59C}.Release|x64.ActiveCfg = Release|Any CPU
		{FA549A80-F20D-412B-913C-56F97A9AE59C}.Release|x64.Build.0 = Release|Any CPU
		{FA549A80-F20D-412B-913C-56F97A9AE59C}.Release|x86.ActiveCfg = Release|Any CPU
		{FA549A80-F20D-412B-913C-56F97A9AE59C}.Release|x86.Build.0 = Release|Any CPU
		{AACD690A-C71E-43D9-8A4E-19A9F222BC54}.Debug|Any CPU.ActiveCfg = Debug|Any CPU
		{AACD690A-C71E-43D9-8A4E-19A9F222BC54}.Debug|Any CPU.Build.0 = Debug|Any CPU
		{AACD690A-C71E-43D9-8A4E-19A9F222BC54}.Debug|x64.ActiveCfg = Debug|Any CPU
		{AACD690A-C71E-43D9-8A4E-19A9F222BC54}.Debug|x64.Build.0 = Debug|Any CPU
		{AACD690A-C71E-43D9-8A4E-19A9F222BC54}.Debug|x86.ActiveCfg = Debug|Any CPU
		{AACD690A-C71E-43D9-8A4E-19A9F222BC54}.Debug|x86.Build.0 = Debug|Any CPU
		{AACD690A-C71E-43D9-8A4E-19A9F222BC54}.Release|Any CPU.ActiveCfg = Release|Any CPU
		{AACD690A-C71E-43D9-8A4E-19A9F222BC54}.Release|Any CPU.Build.0 = Release|Any CPU
		{AACD690A-C71E-43D9-8A4E-19A9F222BC54}.Release|x64.ActiveCfg = Release|Any CPU
		{AACD690A-C71E-43D9-8A4E-19A9F222BC54}.Release|x64.Build.0 = Release|Any CPU
		{AACD690A-C71E-43D9-8A4E-19A9F222BC54}.Release|x86.ActiveCfg = Release|Any CPU
		{AACD690A-C71E-43D9-8A4E-19A9F222BC54}.Release|x86.Build.0 = Release|Any CPU
		{B721089F-03B0-47E5-8BB7-BA98B85A5162}.Debug|Any CPU.ActiveCfg = Debug|Any CPU
		{B721089F-03B0-47E5-8BB7-BA98B85A5162}.Debug|Any CPU.Build.0 = Debug|Any CPU
		{B721089F-03B0-47E5-8BB7-BA98B85A5162}.Debug|x64.ActiveCfg = Debug|Any CPU
		{B721089F-03B0-47E5-8BB7-BA98B85A5162}.Debug|x64.Build.0 = Debug|Any CPU
		{B721089F-03B0-47E5-8BB7-BA98B85A5162}.Debug|x86.ActiveCfg = Debug|Any CPU
		{B721089F-03B0-47E5-8BB7-BA98B85A5162}.Debug|x86.Build.0 = Debug|Any CPU
		{B721089F-03B0-47E5-8BB7-BA98B85A5162}.Release|Any CPU.ActiveCfg = Release|Any CPU
		{B721089F-03B0-47E5-8BB7-BA98B85A5162}.Release|Any CPU.Build.0 = Release|Any CPU
		{B721089F-03B0-47E5-8BB7-BA98B85A5162}.Release|x64.ActiveCfg = Release|Any CPU
		{B721089F-03B0-47E5-8BB7-BA98B85A5162}.Release|x64.Build.0 = Release|Any CPU
		{B721089F-03B0-47E5-8BB7-BA98B85A5162}.Release|x86.ActiveCfg = Release|Any CPU
		{B721089F-03B0-47E5-8BB7-BA98B85A5162}.Release|x86.Build.0 = Release|Any CPU
		{86BBFB53-F2B7-4B6F-AE39-2B25B058E8C3}.Debug|Any CPU.ActiveCfg = Debug|Any CPU
		{86BBFB53-F2B7-4B6F-AE39-2B25B058E8C3}.Debug|Any CPU.Build.0 = Debug|Any CPU
		{86BBFB53-F2B7-4B6F-AE39-2B25B058E8C3}.Debug|x64.ActiveCfg = Debug|Any CPU
		{86BBFB53-F2B7-4B6F-AE39-2B25B058E8C3}.Debug|x64.Build.0 = Debug|Any CPU
		{86BBFB53-F2B7-4B6F-AE39-2B25B058E8C3}.Debug|x86.ActiveCfg = Debug|Any CPU
		{86BBFB53-F2B7-4B6F-AE39-2B25B058E8C3}.Debug|x86.Build.0 = Debug|Any CPU
		{86BBFB53-F2B7-4B6F-AE39-2B25B058E8C3}.Release|Any CPU.ActiveCfg = Release|Any CPU
		{86BBFB53-F2B7-4B6F-AE39-2B25B058E8C3}.Release|Any CPU.Build.0 = Release|Any CPU
		{86BBFB53-F2B7-4B6F-AE39-2B25B058E8C3}.Release|x64.ActiveCfg = Release|Any CPU
		{86BBFB53-F2B7-4B6F-AE39-2B25B058E8C3}.Release|x64.Build.0 = Release|Any CPU
		{86BBFB53-F2B7-4B6F-AE39-2B25B058E8C3}.Release|x86.ActiveCfg = Release|Any CPU
		{86BBFB53-F2B7-4B6F-AE39-2B25B058E8C3}.Release|x86.Build.0 = Release|Any CPU
		{822CAFCC-9989-4DC9-B58C-549ED39ADEE7}.Debug|Any CPU.ActiveCfg = Debug|Any CPU
		{822CAFCC-9989-4DC9-B58C-549ED39ADEE7}.Debug|Any CPU.Build.0 = Debug|Any CPU
		{822CAFCC-9989-4DC9-B58C-549ED39ADEE7}.Debug|x64.ActiveCfg = Debug|Any CPU
		{822CAFCC-9989-4DC9-B58C-549ED39ADEE7}.Debug|x64.Build.0 = Debug|Any CPU
		{822CAFCC-9989-4DC9-B58C-549ED39ADEE7}.Debug|x86.ActiveCfg = Debug|Any CPU
		{822CAFCC-9989-4DC9-B58C-549ED39ADEE7}.Debug|x86.Build.0 = Debug|Any CPU
		{822CAFCC-9989-4DC9-B58C-549ED39ADEE7}.Release|Any CPU.ActiveCfg = Release|Any CPU
		{822CAFCC-9989-4DC9-B58C-549ED39ADEE7}.Release|Any CPU.Build.0 = Release|Any CPU
		{822CAFCC-9989-4DC9-B58C-549ED39ADEE7}.Release|x64.ActiveCfg = Release|Any CPU
		{822CAFCC-9989-4DC9-B58C-549ED39ADEE7}.Release|x64.Build.0 = Release|Any CPU
		{822CAFCC-9989-4DC9-B58C-549ED39ADEE7}.Release|x86.ActiveCfg = Release|Any CPU
		{822CAFCC-9989-4DC9-B58C-549ED39ADEE7}.Release|x86.Build.0 = Release|Any CPU
	EndGlobalSection
	GlobalSection(NestedProjects) = preSolution
		{FA549A80-F20D-412B-913C-56F97A9AE59C} = {2EC8FC95-0AD2-46FE-B037-99035755741E}
		{AACD690A-C71E-43D9-8A4E-19A9F222BC54} = {2EC8FC95-0AD2-46FE-B037-99035755741E}
		{B721089F-03B0-47E5-8BB7-BA98B85A5162} = {9806771D-8F2C-4749-ABE5-6A2C92EE27DC}
		{86BBFB53-F2B7-4B6F-AE39-2B25B058E8C3} = {9806771D-8F2C-4749-ABE5-6A2C92EE27DC}
		{822CAFCC-9989-4DC9-B58C-549ED39ADEE7} = {2EC8FC95-0AD2-46FE-B037-99035755741E}
	EndGlobalSection
EndGlobal
